
Microsoft Visual Studio Solution File, Format Version 12.00
# Visual Studio Version 17
VisualStudioVersion = 17.14.36121.58 d17.14
MinimumVisualStudioVersion = 10.0.40219.1
Project("{FAE04EC0-301F-11D3-BF4B-00C04F79EFBC}") = "Quick.DataAccess.Context", "Quick.DataAccess.Context.csproj", "{2FBD634B-97FF-4065-B67E-FCE28EF0ED44}"
EndProject
Global
	GlobalSection(SolutionConfigurationPlatforms) = preSolution
		Debug|Any CPU = Debug|Any CPU
		Release|Any CPU = Release|Any CPU
	EndGlobalSection
	GlobalSection(ProjectConfigurationPlatforms) = postSolution
		{2FBD634B-97FF-4065-B67E-FCE28EF0ED44}.Debug|Any CPU.ActiveCfg = Debug|Any CPU
		{2FBD634B-97FF-4065-B67E-FCE28EF0ED44}.Debug|Any CPU.Build.0 = Debug|Any CPU
		{2FBD634B-97FF-4065-B67E-FCE28EF0ED44}.Release|Any CPU.ActiveCfg = Release|Any CPU
		{2FBD634B-97FF-4065-B67E-FCE28EF0ED44}.Release|Any CPU.Build.0 = Release|Any CPU
	EndGlobalSection
	GlobalSection(SolutionProperties) = preSolution
		HideSolutionNode = FALSE
	EndGlobalSection
	GlobalSection(ExtensibilityGlobals) = postSolution
		SolutionGuid = {64E2B60B-7C48-4DB4-99C6-CF63FBD92028}
	EndGlobalSection
EndGlobal
